<?xml version="1.0" encoding="utf-8"?>
<Project ToolsVersion="4.0" xmlns="http://schemas.microsoft.com/developer/msbuild/2003">
  <ItemGroup>
    <Filter Include="源文件">
      <UniqueIdentifier>{4FC737F1-C7A5-4376-A066-2A32D752A2FF}</UniqueIdentifier>
      <Extensions>cpp;c;cc;cxx;c++;cppm;ixx;def;odl;idl;hpj;bat;asm;asmx</Extensions>
    </Filter>
    <Filter Include="头文件">
      <UniqueIdentifier>{93995380-89BD-4b04-88EB-625FBE52EBFB}</UniqueIdentifier>
      <Extensions>h;hh;hpp;hxx;h++;hm;inl;inc;ipp;xsd</Extensions>
    </Filter>
    <Filter Include="资源文件">
      <UniqueIdentifier>{67DA6AB6-F800-4c08-8B7A-83BB121AAD01}</UniqueIdentifier>
      <Extensions>rc;ico;cur;bmp;dlg;rc2;rct;bin;rgs;gif;jpg;jpeg;jpe;resx;tiff;tif;png;wav;mfcribbon-ms</Extensions>
    </Filter>
  </ItemGroup>
  <ItemGroup>
    <ClInclude Include="..\..\..\MyBlog\大学\大二实训\手机运动信息管理系统 - 框架\DataLoad.h">
      <Filter>头文件</Filter>
    </ClInclude>
    <ClInclude Include="..\..\..\MyBlog\大学\大二实训\手机运动信息管理系统 - 框架\Menu.h">
      <Filter>头文件</Filter>
    </ClInclude>
    <ClInclude Include="..\..\..\MyBlog\大学\大二实训\手机运动信息管理系统 - 框架\RankingList.h">
      <Filter>头文件</Filter>
    </ClInclude>
    <ClInclude Include="..\..\..\MyBlog\大学\大二实训\手机运动信息管理系统 - 框架\route.h">
      <Filter>头文件</Filter>
    </ClInclude>
    <ClInclude Include="..\..\..\MyBlog\大学\大二实训\手机运动信息管理系统 - 框架\SportsMng.h">
      <Filter>头文件</Filter>
    </ClInclude>
    <ClInclude Include="..\..\..\MyBlog\大学\大二实训\手机运动信息管理系统 - 框架\SqList.h">
      <Filter>头文件</Filter>
    </ClInclude>
    <ClInclude Include="..\..\..\MyBlog\大学\大二实训\手机运动信息管理系统 - 框架\Stack.h">
      <Filter>头文件</Filter>
    </ClInclude>
    <ClInclude Include="..\..\..\MyBlog\大学\大二实训\手机运动信息管理系统 - 框架\User.h">
      <Filter>头文件</Filter>
    </ClInclude>
    <ClInclude Include="..\..\..\MyBlog\大学\大二实训\手机运动信息管理系统 - 框架\UserMng.h">
      <Filter>头文件</Filter>
    </ClInclude>
  </ItemGroup>
  <ItemGroup>
    <ClCompile Include="..\..\..\MyBlog\大学\大二实训\手机运动信息管理系统 - 框架\DataLoad.cpp">
      <Filter>源文件</Filter>
    </ClCompile>
    <ClCompile Include="..\..\..\MyBlog\大学\大二实训\手机运动信息管理系统 - 框架\main.cpp">
      <Filter>源文件</Filter>
    </ClCompile>
    <ClCompile Include="..\..\..\MyBlog\大学\大二实训\手机运动信息管理系统 - 框架\Menu.cpp">
      <Filter>源文件</Filter>
    </ClCompile>
    <ClCompile Include="..\..\..\MyBlog\大学\大二实训\手机运动信息管理系统 - 框架\RankingList.cpp">
      <Filter>源文件</Filter>
    </ClCompile>
    <ClCompile Include="..\..\..\MyBlog\大学\大二实训\手机运动信息管理系统 - 框架\route.cpp">
      <Filter>源文件</Filter>
    </ClCompile>
    <ClCompile Include="..\..\..\MyBlog\大学\大二实训\手机运动信息管理系统 - 框架\SportsMng.cpp">
      <Filter>源文件</Filter>
    </ClCompile>
    <ClCompile Include="..\..\..\MyBlog\大学\大二实训\手机运动信息管理系统 - 框架\SqList.cpp">
      <Filter>源文件</Filter>
    </ClCompile>
    <ClCompile Include="..\..\..\MyBlog\大学\大二实训\手机运动信息管理系统 - 框架\Stack.cpp">
      <Filter>源文件</Filter>
    </ClCompile>
    <ClCompile Include="..\..\..\MyBlog\大学\大二实训\手机运动信息管理系统 - 框架\UserMng.cpp">
      <Filter>源文件</Filter>
    </ClCompile>
  </ItemGroup>
</Project>